
Microsoft Visual Studio Solution File, Format Version 12.00
# Visual Studio 15
VisualStudioVersion = 15.0.28307.645
MinimumVisualStudioVersion = 10.0.40219.1
Project("{FAE04EC0-301F-11D3-BF4B-00C04F79EFBC}") = "Application", "Application\Application.csproj", "{A919ECC2-921A-4D19-9C86-B41325480AFF}"
EndProject
Global
	GlobalSection(SolutionConfigurationPlatforms) = preSolution
		Debug|Any CPU = Debug|Any CPU
		Release|Any CPU = Release|Any CPU
	EndGlobalSection
	GlobalSection(ProjectConfigurationPlatforms) = postSolution
		{A919ECC2-921A-4D19-9C86-B41325480AFF}.Debug|Any CPU.ActiveCfg = Debug|Any CPU
		{A919ECC2-921A-4D19-9C86-B41325480AFF}.Debug|Any CPU.Build.0 = Debug|Any CPU
		{A919ECC2-921A-4D19-9C86-B41325480AFF}.Release|Any CPU.ActiveCfg = Release|Any CPU
		{A919ECC2-921A-4D19-9C86-B41325480AFF}.Release|Any CPU.Build.0 = Release|Any CPU
	EndGlobalSection
	GlobalSection(SolutionProperties) = preSolution
		HideSolutionNode = FALSE
	EndGlobalSection
	GlobalSection(ExtensibilityGlobals) = postSolution
		SolutionGuid = {C4EB9F48-7687-4D82-9A2F-4FCD0F0CA7F6}
	EndGlobalSection
EndGlobal
